// !$*UTF8*$!
{
	archiveVersion = 1;
	classes = {
	};
	objectVersion = 46;
	objects = {

/* Begin PBXBuildFile section */
		6C0004661D805BBA00C880B6 /* PlaceHolder.png in Resources */ = {isa = PBXBuildFile; fileRef = 6C0004651D805BBA00C880B6 /* PlaceHolder.png */; };
		6C0004681D80667B00C880B6 /* TableBackgound.png in Resources */ = {isa = PBXBuildFile; fileRef = 6C0004671D80667B00C880B6 /* TableBackgound.png */; };
		6C00046A1D806C5500C880B6 /* 楷体.ttf in Resources */ = {isa = PBXBuildFile; fileRef = 6C0004691D806C5500C880B6 /* 楷体.ttf */; };
		6C00046C1D80765200C880B6 /* 华文细黑.ttf in Resources */ = {isa = PBXBuildFile; fileRef = 6C00046B1D80765200C880B6 /* 华文细黑.ttf */; };
		6C00046E1D809D9900C880B6 /* 华文隶书.TTF in Resources */ = {isa = PBXBuildFile; fileRef = 6C00046D1D809D9900C880B6 /* 华文隶书.TTF */; };
		6C0004701D809DB300C880B6 /* 方正华隶.ttf in Resources */ = {isa = PBXBuildFile; fileRef = 6C00046F1D809DB300C880B6 /* 方正华隶.ttf */; };
		6C014F181D6D923400A14F7E /* Podfile in Resources */ = {isa = PBXBuildFile; fileRef = 6C014F171D6D923400A14F7E /* Podfile */; };
		6C0271BB1D82E49E002CAFB7 /* BGFooterRefreshView.m in Sources */ = {isa = PBXBuildFile; fileRef = 6C0271B61D82E49E002CAFB7 /* BGFooterRefreshView.m */; };
		6C0271BC1D82E49E002CAFB7 /* BGHeaderRefreshView.m in Sources */ = {isa = PBXBuildFile; fileRef = 6C0271B81D82E49E002CAFB7 /* BGHeaderRefreshView.m */; };
		6C0271BD1D82E49E002CAFB7 /* BGRefresh.m in Sources */ = {isa = PBXBuildFile; fileRef = 6C0271BA1D82E49E002CAFB7 /* BGRefresh.m */; };
		6C0271C11D82E4B9002CAFB7 /* IMG_0007.jpg in Resources */ = {isa = PBXBuildFile; fileRef = 6C0271BF1D82E4B9002CAFB7 /* IMG_0007.jpg */; };
		6C0271C21D82E4B9002CAFB7 /* showGif.gif in Resources */ = {isa = PBXBuildFile; fileRef = 6C0271C01D82E4B9002CAFB7 /* showGif.gif */; };
		6C0670AA1D7DC0E900992F36 /* OneTableViewCell.m in Sources */ = {isa = PBXBuildFile; fileRef = 6C0670A91D7DC0E900992F36 /* OneTableViewCell.m */; };
		6C0C03551D6D5E62009EEBDF /* Icon.png in Resources */ = {isa = PBXBuildFile; fileRef = 6C0C03541D6D5E62009EEBDF /* Icon.png */; };
		6C119B5B1D85922800E912BB /* DCPicScrollView.m in Sources */ = {isa = PBXBuildFile; fileRef = 6C119B581D85922700E912BB /* DCPicScrollView.m */; };
		6C119B5C1D85922800E912BB /* DCWebImageManager.m in Sources */ = {isa = PBXBuildFile; fileRef = 6C119B5A1D85922700E912BB /* DCWebImageManager.m */; };
		6CF022C01D6C33E80090309F /* main.m in Sources */ = {isa = PBXBuildFile; fileRef = 6CF022BF1D6C33E80090309F /* main.m */; };
		6CF022C31D6C33E80090309F /* AppDelegate.m in Sources */ = {isa = PBXBuildFile; fileRef = 6CF022C21D6C33E80090309F /* AppDelegate.m */; };
		6CF022C61D6C33E80090309F /* ViewController.m in Sources */ = {isa = PBXBuildFile; fileRef = 6CF022C51D6C33E80090309F /* ViewController.m */; };
		6CF022C91D6C33E80090309F /* Main.storyboard in Resources */ = {isa = PBXBuildFile; fileRef = 6CF022C71D6C33E80090309F /* Main.storyboard */; };
		6CF022CB1D6C33E80090309F /* Assets.xcassets in Resources */ = {isa = PBXBuildFile; fileRef = 6CF022CA1D6C33E80090309F /* Assets.xcassets */; };
		6CF022CE1D6C33E80090309F /* LaunchScreen.storyboard in Resources */ = {isa = PBXBuildFile; fileRef = 6CF022CC1D6C33E80090309F /* LaunchScreen.storyboard */; };
		6CF022D91D6C33E90090309F /* OneKnowLolTests.m in Sources */ = {isa = PBXBuildFile; fileRef = 6CF022D81D6C33E90090309F /* OneKnowLolTests.m */; };
		6CF022E41D6C33E90090309F /* OneKnowLolUITests.m in Sources */ = {isa = PBXBuildFile; fileRef = 6CF022E31D6C33E90090309F /* OneKnowLolUITests.m */; };
		6CF023001D6C43620090309F /* TabViewController.m in Sources */ = {isa = PBXBuildFile; fileRef = 6CF022FF1D6C43620090309F /* TabViewController.m */; };
		6CF023031D6C43FB0090309F /* OneViewController.m in Sources */ = {isa = PBXBuildFile; fileRef = 6CF023021D6C43FB0090309F /* OneViewController.m */; };
		6CF023061D6C44140090309F /* KnowViewController.m in Sources */ = {isa = PBXBuildFile; fileRef = 6CF023051D6C44140090309F /* KnowViewController.m */; };
		6CF023091D6C44280090309F /* LOLViewController.m in Sources */ = {isa = PBXBuildFile; fileRef = 6CF023081D6C44280090309F /* LOLViewController.m */; };
		6CF023121D6C4C760090309F /* tabKnow.png in Resources */ = {isa = PBXBuildFile; fileRef = 6CF0230C1D6C4C760090309F /* tabKnow.png */; };
		6CF023131D6C4C760090309F /* tabKnowSe.png in Resources */ = {isa = PBXBuildFile; fileRef = 6CF0230D1D6C4C760090309F /* tabKnowSe.png */; };
		6CF023141D6C4C760090309F /* tabLOL.png in Resources */ = {isa = PBXBuildFile; fileRef = 6CF0230E1D6C4C760090309F /* tabLOL.png */; };
		6CF023151D6C4C760090309F /* tabLOLSe.png in Resources */ = {isa = PBXBuildFile; fileRef = 6CF0230F1D6C4C760090309F /* tabLOLSe.png */; };
		6CF023161D6C4C760090309F /* tabOne.png in Resources */ = {isa = PBXBuildFile; fileRef = 6CF023101D6C4C760090309F /* tabOne.png */; };
		6CF023171D6C4C760090309F /* tabOneSe.png in Resources */ = {isa = PBXBuildFile; fileRef = 6CF023111D6C4C760090309F /* tabOneSe.png */; };
		6CF023191D6CB3210090309F /* 启动图片方案1.png in Resources */ = {isa = PBXBuildFile; fileRef = 6CF023181D6CB3210090309F /* 启动图片方案1.png */; };
		6CF8C6D21D83F9A700CFD7B1 /* TFHpple.m in Sources */ = {isa = PBXBuildFile; fileRef = 6CF8C6CD1D83F9A700CFD7B1 /* TFHpple.m */; };
		6CF8C6D31D83F9A700CFD7B1 /* TFHppleElement.m in Sources */ = {isa = PBXBuildFile; fileRef = 6CF8C6CF1D83F9A700CFD7B1 /* TFHppleElement.m */; };
		6CF8C6D41D83F9A700CFD7B1 /* XPathQuery.m in Sources */ = {isa = PBXBuildFile; fileRef = 6CF8C6D11D83F9A700CFD7B1 /* XPathQuery.m */; };
		6CF8C6D61D83FC7C00CFD7B1 /* libxml2.2.tbd in Frameworks */ = {isa = PBXBuildFile; fileRef = 6CF8C6D51D83FC7C00CFD7B1 /* libxml2.2.tbd */; };
		6CF8C6D91D83FFF600CFD7B1 /* KnowEngine.m in Sources */ = {isa = PBXBuildFile; fileRef = 6CF8C6D81D83FFF600CFD7B1 /* KnowEngine.m */; };
		6CF8C6DC1D84352200CFD7B1 /* KnowTableViewCell.m in Sources */ = {isa = PBXBuildFile; fileRef = 6CF8C6DB1D84352200CFD7B1 /* KnowTableViewCell.m */; };
		6CF8C6DF1D84444C00CFD7B1 /* KnowBody.m in Sources */ = {isa = PBXBuildFile; fileRef = 6CF8C6DE1D84444C00CFD7B1 /* KnowBody.m */; };
		6CF8C6E21D8448D500CFD7B1 /* KnowBannerBody.m in Sources */ = {isa = PBXBuildFile; fileRef = 6CF8C6E11D8448D500CFD7B1 /* KnowBannerBody.m */; };
		6CFA04081D7ACA32007EB923 /* OneViewEngine.m in Sources */ = {isa = PBXBuildFile; fileRef = 6CFA04071D7ACA32007EB923 /* OneViewEngine.m */; };
		6CFA040C1D7AE94D007EB923 /* OneViewBody.m in Sources */ = {isa = PBXBuildFile; fileRef = 6CFA040B1D7AE94D007EB923 /* OneViewBody.m */; };
		6CFCA93E1D81913900ED2645 /* SJAvatarBrowser.m in Sources */ = {isa = PBXBuildFile; fileRef = 6CFCA93D1D81913800ED2645 /* SJAvatarBrowser.m */; };
		D76DEE74037BB1F2D2EC6653 /* libPods.a in Frameworks */ = {isa = PBXBuildFile; fileRef = E93A62662607FCA938B0E2F0 /* libPods.a */; };
/* End PBXBuildFile section */

/* Begin PBXContainerItemProxy section */
		6CF022D51D6C33E90090309F /* PBXContainerItemProxy */ = {
			isa = PBXContainerItemProxy;
			containerPortal = 6CF022B31D6C33E80090309F /* Project object */;
			proxyType = 1;
			remoteGlobalIDString = 6CF022BA1D6C33E80090309F;
			remoteInfo = OneKnowLol;
		};
		6CF022E01D6C33E90090309F /* PBXContainerItemProxy */ = {
			isa = PBXContainerItemProxy;
			containerPortal = 6CF022B31D6C33E80090309F /* Project object */;
			proxyType = 1;
			remoteGlobalIDString = 6CF022BA1D6C33E80090309F;
			remoteInfo = OneKnowLol;
		};
/* End PBXContainerItemProxy section */

/* Begin PBXFileReference section */
		6C0004651D805BBA00C880B6 /* PlaceHolder.png */ = {isa = PBXFileReference; lastKnownFileType = image.png; path = PlaceHolder.png; sourceTree = "<group>"; };
		6C0004671D80667B00C880B6 /* TableBackgound.png */ = {isa = PBXFileReference; lastKnownFileType = image.png; path = TableBackgound.png; sourceTree = "<group>"; };
		6C0004691D806C5500C880B6 /* 楷体.ttf */ = {isa = PBXFileReference; lastKnownFileType = file; path = "楷体.ttf"; sourceTree = "<group>"; };
		6C00046B1D80765200C880B6 /* 华文细黑.ttf */ = {isa = PBXFileReference; lastKnownFileType = file; path = "华文细黑.ttf"; sourceTree = "<group>"; };
		6C00046D1D809D9900C880B6 /* 华文隶书.TTF */ = {isa = PBXFileReference; lastKnownFileType = file; path = "华文隶书.TTF"; sourceTree = "<group>"; };
		6C00046F1D809DB300C880B6 /* 方正华隶.ttf */ = {isa = PBXFileReference; lastKnownFileType = file; path = "方正华隶.ttf"; sourceTree = "<group>"; };
		6C014F171D6D923400A14F7E /* Podfile */ = {isa = PBXFileReference; fileEncoding = 4; lastKnownFileType = text; path = Podfile; sourceTree = "<group>"; };
		6C0271B51D82E49E002CAFB7 /* BGFooterRefreshView.h */ = {isa = PBXFileReference; fileEncoding = 4; lastKnownFileType = sourcecode.c.h; path = BGFooterRefreshView.h; sourceTree = "<group>"; };
		6C0271B61D82E49E002CAFB7 /* BGFooterRefreshView.m */ = {isa = PBXFileReference; fileEncoding = 4; lastKnownFileType = sourcecode.c.objc; path = BGFooterRefreshView.m; sourceTree = "<group>"; };
		6C0271B71D82E49E002CAFB7 /* BGHeaderRefreshView.h */ = {isa = PBXFileReference; fileEncoding = 4; lastKnownFileType = sourcecode.c.h; path = BGHeaderRefreshView.h; sourceTree = "<group>"; };
		6C0271B81D82E49E002CAFB7 /* BGHeaderRefreshView.m */ = {isa = PBXFileReference; fileEncoding = 4; lastKnownFileType = sourcecode.c.objc; path = BGHeaderRefreshView.m; sourceTree = "<group>"; };
		6C0271B91D82E49E002CAFB7 /* BGRefresh.h */ = {isa = PBXFileReference; fileEncoding = 4; lastKnownFileType = sourcecode.c.h; path = BGRefresh.h; sourceTree = "<group>"; };
		6C0271BA1D82E49E002CAFB7 /* BGRefresh.m */ = {isa = PBXFileReference; fileEncoding = 4; lastKnownFileType = sourcecode.c.objc; path = BGRefresh.m; sourceTree = "<group>"; };
		6C0271BF1D82E4B9002CAFB7 /* IMG_0007.jpg */ = {isa = PBXFileReference; lastKnownFileType = image.jpeg; path = IMG_0007.jpg; sourceTree = "<group>"; };
		6C0271C01D82E4B9002CAFB7 /* showGif.gif */ = {isa = PBXFileReference; lastKnownFileType = image.gif; path = showGif.gif; sourceTree = "<group>"; };
		6C0670A81D7DC0E900992F36 /* OneTableViewCell.h */ = {isa = PBXFileReference; fileEncoding = 4; lastKnownFileType = sourcecode.c.h; path = OneTableViewCell.h; sourceTree = "<group>"; };
		6C0670A91D7DC0E900992F36 /* OneTableViewCell.m */ = {isa = PBXFileReference; fileEncoding = 4; lastKnownFileType = sourcecode.c.objc; path = OneTableViewCell.m; sourceTree = "<group>"; };
		6C0C03541D6D5E62009EEBDF /* Icon.png */ = {isa = PBXFileReference; lastKnownFileType = image.png; path = Icon.png; sourceTree = "<group>"; };
		6C119B571D85922700E912BB /* DCPicScrollView.h */ = {isa = PBXFileReference; fileEncoding = 4; lastKnownFileType = sourcecode.c.h; path = DCPicScrollView.h; sourceTree = "<group>"; };
		6C119B581D85922700E912BB /* DCPicScrollView.m */ = {isa = PBXFileReference; fileEncoding = 4; lastKnownFileType = sourcecode.c.objc; path = DCPicScrollView.m; sourceTree = "<group>"; };
		6C119B591D85922700E912BB /* DCWebImageManager.h */ = {isa = PBXFileReference; fileEncoding = 4; lastKnownFileType = sourcecode.c.h; path = DCWebImageManager.h; sourceTree = "<group>"; };
		6C119B5A1D85922700E912BB /* DCWebImageManager.m */ = {isa = PBXFileReference; fileEncoding = 4; lastKnownFileType = sourcecode.c.objc; path = DCWebImageManager.m; sourceTree = "<group>"; };
		6CF022BB1D6C33E80090309F /* OneKnowLol.app */ = {isa = PBXFileReference; explicitFileType = wrapper.application; includeInIndex = 0; path = OneKnowLol.app; sourceTree = BUILT_PRODUCTS_DIR; };
		6CF022BF1D6C33E80090309F /* main.m */ = {isa = PBXFileReference; lastKnownFileType = sourcecode.c.objc; path = main.m; sourceTree = "<group>"; };
		6CF022C11D6C33E80090309F /* AppDelegate.h */ = {isa = PBXFileReference; lastKnownFileType = sourcecode.c.h; path = AppDelegate.h; sourceTree = "<group>"; };
		6CF022C21D6C33E80090309F /* AppDelegate.m */ = {isa = PBXFileReference; lastKnownFileType = sourcecode.c.objc; path = AppDelegate.m; sourceTree = "<group>"; };
		6CF022C41D6C33E80090309F /* ViewController.h */ = {isa = PBXFileReference; lastKnownFileType = sourcecode.c.h; path = ViewController.h; sourceTree = "<group>"; };
		6CF022C51D6C33E80090309F /* ViewController.m */ = {isa = PBXFileReference; lastKnownFileType = sourcecode.c.objc; path = ViewController.m; sourceTree = "<group>"; };
		6CF022C81D6C33E80090309F /* Base */ = {isa = PBXFileReference; lastKnownFileType = file.storyboard; name = Base; path = Base.lproj/Main.storyboard; sourceTree = "<group>"; };
		6CF022CA1D6C33E80090309F /* Assets.xcassets */ = {isa = PBXFileReference; lastKnownFileType = folder.assetcatalog; path = Assets.xcassets; sourceTree = "<group>"; };
		6CF022CD1D6C33E80090309F /* Base */ = {isa = PBXFileReference; lastKnownFileType = file.storyboard; name = Base; path = Base.lproj/LaunchScreen.storyboard; sourceTree = "<group>"; };
		6CF022CF1D6C33E80090309F /* Info.plist */ = {isa = PBXFileReference; lastKnownFileType = text.plist.xml; path = Info.plist; sourceTree = "<group>"; };
		6CF022D41D6C33E90090309F /* OneKnowLolTests.xctest */ = {isa = PBXFileReference; explicitFileType = wrapper.cfbundle; includeInIndex = 0; path = OneKnowLolTests.xctest; sourceTree = BUILT_PRODUCTS_DIR; };
		6CF022D81D6C33E90090309F /* OneKnowLolTests.m */ = {isa = PBXFileReference; lastKnownFileType = sourcecode.c.objc; path = OneKnowLolTests.m; sourceTree = "<group>"; };
		6CF022DA1D6C33E90090309F /* Info.plist */ = {isa = PBXFileReference; lastKnownFileType = text.plist.xml; path = Info.plist; sourceTree = "<group>"; };
		6CF022DF1D6C33E90090309F /* OneKnowLolUITests.xctest */ = {isa = PBXFileReference; explicitFileType = wrapper.cfbundle; includeInIndex = 0; path = OneKnowLolUITests.xctest; sourceTree = BUILT_PRODUCTS_DIR; };
		6CF022E31D6C33E90090309F /* OneKnowLolUITests.m */ = {isa = PBXFileReference; lastKnownFileType = sourcecode.c.objc; path = OneKnowLolUITests.m; sourceTree = "<group>"; };
		6CF022E51D6C33E90090309F /* Info.plist */ = {isa = PBXFileReference; lastKnownFileType = text.plist.xml; path = Info.plist; sourceTree = "<group>"; };
		6CF022FE1D6C43620090309F /* TabViewController.h */ = {isa = PBXFileReference; fileEncoding = 4; lastKnownFileType = sourcecode.c.h; path = TabViewController.h; sourceTree = "<group>"; };
		6CF022FF1D6C43620090309F /* TabViewController.m */ = {isa = PBXFileReference; fileEncoding = 4; lastKnownFileType = sourcecode.c.objc; path = TabViewController.m; sourceTree = "<group>"; };
		6CF023011D6C43FB0090309F /* OneViewController.h */ = {isa = PBXFileReference; fileEncoding = 4; lastKnownFileType = sourcecode.c.h; path = OneViewController.h; sourceTree = "<group>"; };
		6CF023021D6C43FB0090309F /* OneViewController.m */ = {isa = PBXFileReference; fileEncoding = 4; lastKnownFileType = sourcecode.c.objc; path = OneViewController.m; sourceTree = "<group>"; };
		6CF023041D6C44140090309F /* KnowViewController.h */ = {isa = PBXFileReference; fileEncoding = 4; lastKnownFileType = sourcecode.c.h; path = KnowViewController.h; sourceTree = "<group>"; };
		6CF023051D6C44140090309F /* KnowViewController.m */ = {isa = PBXFileReference; fileEncoding = 4; lastKnownFileType = sourcecode.c.objc; path = KnowViewController.m; sourceTree = "<group>"; };
		6CF023071D6C44280090309F /* LOLViewController.h */ = {isa = PBXFileReference; fileEncoding = 4; lastKnownFileType = sourcecode.c.h; path = LOLViewController.h; sourceTree = "<group>"; };
		6CF023081D6C44280090309F /* LOLViewController.m */ = {isa = PBXFileReference; fileEncoding = 4; lastKnownFileType = sourcecode.c.objc; path = LOLViewController.m; sourceTree = "<group>"; };
		6CF0230C1D6C4C760090309F /* tabKnow.png */ = {isa = PBXFileReference; lastKnownFileType = image.png; path = tabKnow.png; sourceTree = "<group>"; };
		6CF0230D1D6C4C760090309F /* tabKnowSe.png */ = {isa = PBXFileReference; lastKnownFileType = image.png; path = tabKnowSe.png; sourceTree = "<group>"; };
		6CF0230E1D6C4C760090309F /* tabLOL.png */ = {isa = PBXFileReference; lastKnownFileType = image.png; path = tabLOL.png; sourceTree = "<group>"; };
		6CF0230F1D6C4C760090309F /* tabLOLSe.png */ = {isa = PBXFileReference; lastKnownFileType = image.png; path = tabLOLSe.png; sourceTree = "<group>"; };
		6CF023101D6C4C760090309F /* tabOne.png */ = {isa = PBXFileReference; lastKnownFileType = image.png; path = tabOne.png; sourceTree = "<group>"; };
		6CF023111D6C4C760090309F /* tabOneSe.png */ = {isa = PBXFileReference; lastKnownFileType = image.png; path = tabOneSe.png; sourceTree = "<group>"; };
		6CF023181D6CB3210090309F /* 启动图片方案1.png */ = {isa = PBXFileReference; lastKnownFileType = image.png; path = "启动图片方案1.png"; sourceTree = "<group>"; };
		6CF8C6CC1D83F9A700CFD7B1 /* TFHpple.h */ = {isa = PBXFileReference; fileEncoding = 4; lastKnownFileType = sourcecode.c.h; path = TFHpple.h; sourceTree = "<group>"; };
		6CF8C6CD1D83F9A700CFD7B1 /* TFHpple.m */ = {isa = PBXFileReference; fileEncoding = 4; lastKnownFileType = sourcecode.c.objc; path = TFHpple.m; sourceTree = "<group>"; };
		6CF8C6CE1D83F9A700CFD7B1 /* TFHppleElement.h */ = {isa = PBXFileReference; fileEncoding = 4; lastKnownFileType = sourcecode.c.h; path = TFHppleElement.h; sourceTree = "<group>"; };
		6CF8C6CF1D83F9A700CFD7B1 /* TFHppleElement.m */ = {isa = PBXFileReference; fileEncoding = 4; lastKnownFileType = sourcecode.c.objc; path = TFHppleElement.m; sourceTree = "<group>"; };
		6CF8C6D01D83F9A700CFD7B1 /* XPathQuery.h */ = {isa = PBXFileReference; fileEncoding = 4; lastKnownFileType = sourcecode.c.h; path = XPathQuery.h; sourceTree = "<group>"; };
		6CF8C6D11D83F9A700CFD7B1 /* XPathQuery.m */ = {isa = PBXFileReference; fileEncoding = 4; lastKnownFileType = sourcecode.c.objc; path = XPathQuery.m; sourceTree = "<group>"; };
		6CF8C6D51D83FC7C00CFD7B1 /* libxml2.2.tbd */ = {isa = PBXFileReference; lastKnownFileType = "sourcecode.text-based-dylib-definition"; name = libxml2.2.tbd; path = usr/lib/libxml2.2.tbd; sourceTree = SDKROOT; };
		6CF8C6D71D83FFF600CFD7B1 /* KnowEngine.h */ = {isa = PBXFileReference; fileEncoding = 4; lastKnownFileType = sourcecode.c.h; path = KnowEngine.h; sourceTree = "<group>"; };
		6CF8C6D81D83FFF600CFD7B1 /* KnowEngine.m */ = {isa = PBXFileReference; fileEncoding = 4; lastKnownFileType = sourcecode.c.objc; path = KnowEngine.m; sourceTree = "<group>"; };
		6CF8C6DA1D84352200CFD7B1 /* KnowTableViewCell.h */ = {isa = PBXFileReference; fileEncoding = 4; lastKnownFileType = sourcecode.c.h; path = KnowTableViewCell.h; sourceTree = "<group>"; };
		6CF8C6DB1D84352200CFD7B1 /* KnowTableViewCell.m */ = {isa = PBXFileReference; fileEncoding = 4; lastKnownFileType = sourcecode.c.objc; path = KnowTableViewCell.m; sourceTree = "<group>"; };
		6CF8C6DD1D84444C00CFD7B1 /* KnowBody.h */ = {isa = PBXFileReference; fileEncoding = 4; lastKnownFileType = sourcecode.c.h; path = KnowBody.h; sourceTree = "<group>"; };
		6CF8C6DE1D84444C00CFD7B1 /* KnowBody.m */ = {isa = PBXFileReference; fileEncoding = 4; lastKnownFileType = sourcecode.c.objc; path = KnowBody.m; sourceTree = "<group>"; };
		6CF8C6E01D8448D500CFD7B1 /* KnowBannerBody.h */ = {isa = PBXFileReference; fileEncoding = 4; lastKnownFileType = sourcecode.c.h; path = KnowBannerBody.h; sourceTree = "<group>"; };
		6CF8C6E11D8448D500CFD7B1 /* KnowBannerBody.m */ = {isa = PBXFileReference; fileEncoding = 4; lastKnownFileType = sourcecode.c.objc; path = KnowBannerBody.m; sourceTree = "<group>"; };
		6CFA04061D7ACA31007EB923 /* OneViewEngine.h */ = {isa = PBXFileReference; fileEncoding = 4; lastKnownFileType = sourcecode.c.h; path = OneViewEngine.h; sourceTree = "<group>"; };
		6CFA04071D7ACA32007EB923 /* OneViewEngine.m */ = {isa = PBXFileReference; fileEncoding = 4; lastKnownFileType = sourcecode.c.objc; path = OneViewEngine.m; sourceTree = "<group>"; };
		6CFA04091D7ACBD4007EB923 /* HeaderFile.h */ = {isa = PBXFileReference; lastKnownFileType = sourcecode.c.h; path = HeaderFile.h; sourceTree = "<group>"; };
		6CFA040A1D7AE94D007EB923 /* OneViewBody.h */ = {isa = PBXFileReference; fileEncoding = 4; lastKnownFileType = sourcecode.c.h; path = OneViewBody.h; sourceTree = "<group>"; };
		6CFA040B1D7AE94D007EB923 /* OneViewBody.m */ = {isa = PBXFileReference; fileEncoding = 4; lastKnownFileType = sourcecode.c.objc; path = OneViewBody.m; sourceTree = "<group>"; };
		6CFCA93C1D81913800ED2645 /* SJAvatarBrowser.h */ = {isa = PBXFileReference; fileEncoding = 4; lastKnownFileType = sourcecode.c.h; path = SJAvatarBrowser.h; sourceTree = "<group>"; };
		6CFCA93D1D81913800ED2645 /* SJAvatarBrowser.m */ = {isa = PBXFileReference; fileEncoding = 4; lastKnownFileType = sourcecode.c.objc; path = SJAvatarBrowser.m; sourceTree = "<group>"; };
		CAC1E36FBECDC14F56029CD2 /* Pods.release.xcconfig */ = {isa = PBXFileReference; includeInIndex = 1; lastKnownFileType = text.xcconfig; name = Pods.release.xcconfig; path = "Pods/Target Support Files/Pods/Pods.release.xcconfig"; sourceTree = "<group>"; };
		E4483E5CCB03B32DB00A9108 /* Pods.debug.xcconfig */ = {isa = PBXFileReference; includeInIndex = 1; lastKnownFileType = text.xcconfig; name = Pods.debug.xcconfig; path = "Pods/Target Support Files/Pods/Pods.debug.xcconfig"; sourceTree = "<group>"; };
		E93A62662607FCA938B0E2F0 /* libPods.a */ = {isa = PBXFileReference; explicitFileType = archive.ar; includeInIndex = 0; path = libPods.a; sourceTree = BUILT_PRODUCTS_DIR; };
/* End PBXFileReference section */

/* Begin PBXFrameworksBuildPhase section */
		6CF022B81D6C33E80090309F /* Frameworks */ = {
			isa = PBXFrameworksBuildPhase;
			buildActionMask = 2147483647;
			files = (
				6CF8C6D61D83FC7C00CFD7B1 /* libxml2.2.tbd in Frameworks */,
				D76DEE74037BB1F2D2EC6653 /* libPods.a in Frameworks */,
			);
			runOnlyForDeploymentPostprocessing = 0;
		};
		6CF022D11D6C33E90090309F /* Frameworks */ = {
			isa = PBXFrameworksBuildPhase;
			buildActionMask = 2147483647;
			files = (
			);
			runOnlyForDeploymentPostprocessing = 0;
		};
		6CF022DC1D6C33E90090309F /* Frameworks */ = {
			isa = PBXFrameworksBuildPhase;
			buildActionMask = 2147483647;
			files = (
			);
			runOnlyForDeploymentPostprocessing = 0;
		};
/* End PBXFrameworksBuildPhase section */

/* Begin PBXGroup section */
		4C1BA704988C506859EF4039 /* Frameworks */ = {
			isa = PBXGroup;
			children = (
				6CF8C6D51D83FC7C00CFD7B1 /* libxml2.2.tbd */,
				E93A62662607FCA938B0E2F0 /* libPods.a */,
			);
			name = Frameworks;
			sourceTree = "<group>";
		};
		6C0271B41D82E49E002CAFB7 /* BGRefreshView */ = {
			isa = PBXGroup;
			children = (
				6C0271B51D82E49E002CAFB7 /* BGFooterRefreshView.h */,
				6C0271B61D82E49E002CAFB7 /* BGFooterRefreshView.m */,
				6C0271B71D82E49E002CAFB7 /* BGHeaderRefreshView.h */,
				6C0271B81D82E49E002CAFB7 /* BGHeaderRefreshView.m */,
				6C0271B91D82E49E002CAFB7 /* BGRefresh.h */,
				6C0271BA1D82E49E002CAFB7 /* BGRefresh.m */,
			);
			path = BGRefreshView;
			sourceTree = "<group>";
		};
		6C0271BE1D82E4B9002CAFB7 /* image */ = {
			isa = PBXGroup;
			children = (
				6C0271BF1D82E4B9002CAFB7 /* IMG_0007.jpg */,
				6C0271C01D82E4B9002CAFB7 /* showGif.gif */,
			);
			path = image;
			sourceTree = "<group>";
		};
		6C119B561D85922700E912BB /* DCPicscrollView */ = {
			isa = PBXGroup;
			children = (
				6C119B571D85922700E912BB /* DCPicScrollView.h */,
				6C119B581D85922700E912BB /* DCPicScrollView.m */,
				6C119B591D85922700E912BB /* DCWebImageManager.h */,
				6C119B5A1D85922700E912BB /* DCWebImageManager.m */,
			);
			path = DCPicscrollView;
			sourceTree = "<group>";
		};
		6CF022B21D6C33E80090309F = {
			isa = PBXGroup;
			children = (
				6CF022BD1D6C33E80090309F /* OneKnowLol */,
				6CF022D71D6C33E90090309F /* OneKnowLolTests */,
				6CF022E21D6C33E90090309F /* OneKnowLolUITests */,
				6CF022BC1D6C33E80090309F /* Products */,
				C1BCA05196DADD3FEB7A7A47 /* Pods */,
				4C1BA704988C506859EF4039 /* Frameworks */,
			);
			sourceTree = "<group>";
		};
		6CF022BC1D6C33E80090309F /* Products */ = {
			isa = PBXGroup;
			children = (
				6CF022BB1D6C33E80090309F /* OneKnowLol.app */,
				6CF022D41D6C33E90090309F /* OneKnowLolTests.xctest */,
				6CF022DF1D6C33E90090309F /* OneKnowLolUITests.xctest */,
			);
			name = Products;
			sourceTree = "<group>";
		};
		6CF022BD1D6C33E80090309F /* OneKnowLol */ = {
			isa = PBXGroup;
			children = (
				6C014F171D6D923400A14F7E /* Podfile */,
				6CF022FD1D6C41040090309F /* Main View */,
				6CFCA93B1D8190DD00ED2645 /* Tools */,
				6CF022F11D6C36240090309F /* One（手记） */,
				6CF022F21D6C36350090309F /* Know（知乎日报） */,
				6CF022F31D6C36440090309F /* LOL（联盟查询） */,
				6CF022CF1D6C33E80090309F /* Info.plist */,
				6CF022BE1D6C33E80090309F /* Supporting Files */,
			);
			path = OneKnowLol;
			sourceTree = "<group>";
		};
		6CF022BE1D6C33E80090309F /* Supporting Files */ = {
			isa = PBXGroup;
			children = (
				6CF023181D6CB3210090309F /* 启动图片方案1.png */,
				6C0004651D805BBA00C880B6 /* PlaceHolder.png */,
				6C0004671D80667B00C880B6 /* TableBackgound.png */,
				6C0271BE1D82E4B9002CAFB7 /* image */,
				6CF0230A1D6C4C760090309F /* Icon（图标方案） */,
				6C0004691D806C5500C880B6 /* 楷体.ttf */,
				6C00046D1D809D9900C880B6 /* 华文隶书.TTF */,
				6C00046F1D809DB300C880B6 /* 方正华隶.ttf */,
				6C00046B1D80765200C880B6 /* 华文细黑.ttf */,
				6CF022BF1D6C33E80090309F /* main.m */,
			);
			name = "Supporting Files";
			sourceTree = "<group>";
		};
		6CF022D71D6C33E90090309F /* OneKnowLolTests */ = {
			isa = PBXGroup;
			children = (
				6CF022D81D6C33E90090309F /* OneKnowLolTests.m */,
				6CF022DA1D6C33E90090309F /* Info.plist */,
			);
			path = OneKnowLolTests;
			sourceTree = "<group>";
		};
		6CF022E21D6C33E90090309F /* OneKnowLolUITests */ = {
			isa = PBXGroup;
			children = (
				6CF022E31D6C33E90090309F /* OneKnowLolUITests.m */,
				6CF022E51D6C33E90090309F /* Info.plist */,
			);
			path = OneKnowLolUITests;
			sourceTree = "<group>";
		};
		6CF022F11D6C36240090309F /* One（手记） */ = {
			isa = PBXGroup;
			children = (
				6CF022F41D6C36E50090309F /* OneController */,
				6CF022F51D6C36E50090309F /* OneModel */,
				6CF022F61D6C36E50090309F /* OneView */,
			);
			path = "One（手记）";
			sourceTree = "<group>";
		};
		6CF022F21D6C36350090309F /* Know（知乎日报） */ = {
			isa = PBXGroup;
			children = (
				6CF022F71D6C37320090309F /* KnowController */,
				6CF022F81D6C37320090309F /* KnowModel */,
				6CF022F91D6C37320090309F /* KnowView */,
			);
			path = "Know（知乎日报）";
			sourceTree = "<group>";
		};
		6CF022F31D6C36440090309F /* LOL（联盟查询） */ = {
			isa = PBXGroup;
			children = (
				6CF022FA1D6C376A0090309F /* LOLController */,
				6CF022FB1D6C376A0090309F /* LOLModel */,
				6CF022FC1D6C376A0090309F /* LOLView */,
			);
			path = "LOL（联盟查询）";
			sourceTree = "<group>";
		};
		6CF022F41D6C36E50090309F /* OneController */ = {
			isa = PBXGroup;
			children = (
				6CF023011D6C43FB0090309F /* OneViewController.h */,
				6CF023021D6C43FB0090309F /* OneViewController.m */,
			);
			path = OneController;
			sourceTree = "<group>";
		};
		6CF022F51D6C36E50090309F /* OneModel */ = {
			isa = PBXGroup;
			children = (
				6CFA04061D7ACA31007EB923 /* OneViewEngine.h */,
				6CFA04071D7ACA32007EB923 /* OneViewEngine.m */,
				6CFA040A1D7AE94D007EB923 /* OneViewBody.h */,
				6CFA040B1D7AE94D007EB923 /* OneViewBody.m */,
			);
			path = OneModel;
			sourceTree = "<group>";
		};
		6CF022F61D6C36E50090309F /* OneView */ = {
			isa = PBXGroup;
			children = (
				6C0670A81D7DC0E900992F36 /* OneTableViewCell.h */,
				6C0670A91D7DC0E900992F36 /* OneTableViewCell.m */,
			);
			path = OneView;
			sourceTree = "<group>";
		};
		6CF022F71D6C37320090309F /* KnowController */ = {
			isa = PBXGroup;
			children = (
				6CF023041D6C44140090309F /* KnowViewController.h */,
				6CF023051D6C44140090309F /* KnowViewController.m */,
			);
			path = KnowController;
			sourceTree = "<group>";
		};
		6CF022F81D6C37320090309F /* KnowModel */ = {
			isa = PBXGroup;
			children = (
				6CF8C6D71D83FFF600CFD7B1 /* KnowEngine.h */,
				6CF8C6D81D83FFF600CFD7B1 /* KnowEngine.m */,
				6CF8C6DD1D84444C00CFD7B1 /* KnowBody.h */,
				6CF8C6DE1D84444C00CFD7B1 /* KnowBody.m */,
				6CF8C6E01D8448D500CFD7B1 /* KnowBannerBody.h */,
				6CF8C6E11D8448D500CFD7B1 /* KnowBannerBody.m */,
			);
			path = KnowModel;
			sourceTree = "<group>";
		};
		6CF022F91D6C37320090309F /* KnowView */ = {
			isa = PBXGroup;
			children = (
				6CF8C6DA1D84352200CFD7B1 /* KnowTableViewCell.h */,
				6CF8C6DB1D84352200CFD7B1 /* KnowTableViewCell.m */,
			);
			path = KnowView;
			sourceTree = "<group>";
		};
		6CF022FA1D6C376A0090309F /* LOLController */ = {
			isa = PBXGroup;
			children = (
				6CF023071D6C44280090309F /* LOLViewController.h */,
				6CF023081D6C44280090309F /* LOLViewController.m */,
			);
			path = LOLController;
			sourceTree = "<group>";
		};
		6CF022FB1D6C376A0090309F /* LOLModel */ = {
			isa = PBXGroup;
			children = (
			);
			path = LOLModel;
			sourceTree = "<group>";
		};
		6CF022FC1D6C376A0090309F /* LOLView */ = {
			isa = PBXGroup;
			children = (
			);
			path = LOLView;
			sourceTree = "<group>";
		};
		6CF022FD1D6C41040090309F /* Main View */ = {
			isa = PBXGroup;
			children = (
				6CF022C11D6C33E80090309F /* AppDelegate.h */,
				6CF022C21D6C33E80090309F /* AppDelegate.m */,
				6CF022C41D6C33E80090309F /* ViewController.h */,
				6CF022C51D6C33E80090309F /* ViewController.m */,
				6CF022C71D6C33E80090309F /* Main.storyboard */,
				6CF022CA1D6C33E80090309F /* Assets.xcassets */,
				6CF022CC1D6C33E80090309F /* LaunchScreen.storyboard */,
				6CF022FE1D6C43620090309F /* TabViewController.h */,
				6CF022FF1D6C43620090309F /* TabViewController.m */,
				6CFA04091D7ACBD4007EB923 /* HeaderFile.h */,
			);
			name = "Main View";
			sourceTree = "<group>";
		};
		6CF0230A1D6C4C760090309F /* Icon（图标方案） */ = {
			isa = PBXGroup;
			children = (
				6C0C03541D6D5E62009EEBDF /* Icon.png */,
				6CF0230B1D6C4C760090309F /* tabIcon */,
			);
			path = "Icon（图标方案）";
			sourceTree = "<group>";
		};
		6CF0230B1D6C4C760090309F /* tabIcon */ = {
			isa = PBXGroup;
			children = (
				6CF0230C1D6C4C760090309F /* tabKnow.png */,
				6CF0230D1D6C4C760090309F /* tabKnowSe.png */,
				6CF0230E1D6C4C760090309F /* tabLOL.png */,
				6CF0230F1D6C4C760090309F /* tabLOLSe.png */,
				6CF023101D6C4C760090309F /* tabOne.png */,
				6CF023111D6C4C760090309F /* tabOneSe.png */,
			);
			path = tabIcon;
			sourceTree = "<group>";
		};
		6CF8C6CB1D83F9A700CFD7B1 /* TFHpple */ = {
			isa = PBXGroup;
			children = (
				6CF8C6CC1D83F9A700CFD7B1 /* TFHpple.h */,
				6CF8C6CD1D83F9A700CFD7B1 /* TFHpple.m */,
				6CF8C6CE1D83F9A700CFD7B1 /* TFHppleElement.h */,
				6CF8C6CF1D83F9A700CFD7B1 /* TFHppleElement.m */,
				6CF8C6D01D83F9A700CFD7B1 /* XPathQuery.h */,
				6CF8C6D11D83F9A700CFD7B1 /* XPathQuery.m */,
			);
			path = TFHpple;
			sourceTree = "<group>";
		};
		6CFCA93B1D8190DD00ED2645 /* Tools */ = {
			isa = PBXGroup;
			children = (
				6C0271B41D82E49E002CAFB7 /* BGRefreshView */,
				6CF8C6CB1D83F9A700CFD7B1 /* TFHpple */,
				6C119B561D85922700E912BB /* DCPicscrollView */,
				6CFCA93C1D81913800ED2645 /* SJAvatarBrowser.h */,
				6CFCA93D1D81913800ED2645 /* SJAvatarBrowser.m */,
			);
			path = Tools;
			sourceTree = "<group>";
		};
		C1BCA05196DADD3FEB7A7A47 /* Pods */ = {
			isa = PBXGroup;
			children = (
				E4483E5CCB03B32DB00A9108 /* Pods.debug.xcconfig */,
				CAC1E36FBECDC14F56029CD2 /* Pods.release.xcconfig */,
			);
			name = Pods;
			sourceTree = "<group>";
		};
/* End PBXGroup section */

/* Begin PBXNativeTarget section */
		6CF022BA1D6C33E80090309F /* OneKnowLol */ = {
			isa = PBXNativeTarget;
			buildConfigurationList = 6CF022E81D6C33E90090309F /* Build configuration list for PBXNativeTarget "OneKnowLol" */;
			buildPhases = (
				7F8FD3B1C6569CB78D32CCF8 /* Check Pods Manifest.lock */,
				6CF022B71D6C33E80090309F /* Sources */,
				6CF022B81D6C33E80090309F /* Frameworks */,
				6CF022B91D6C33E80090309F /* Resources */,
				1C935A5910FE3D71CFDF0501 /* Embed Pods Frameworks */,
				2BD9AC18AE200312021D7F27 /* Copy Pods Resources */,
			);
			buildRules = (
			);
			dependencies = (
			);
			name = OneKnowLol;
			productName = OneKnowLol;
			productReference = 6CF022BB1D6C33E80090309F /* OneKnowLol.app */;
			productType = "com.apple.product-type.application";
		};
		6CF022D31D6C33E90090309F /* OneKnowLolTests */ = {
			isa = PBXNativeTarget;
			buildConfigurationList = 6CF022EB1D6C33E90090309F /* Build configuration list for PBXNativeTarget "OneKnowLolTests" */;
			buildPhases = (
				6CF022D01D6C33E90090309F /* Sources */,
				6CF022D11D6C33E90090309F /* Frameworks */,
				6CF022D21D6C33E90090309F /* Resources */,
			);
			buildRules = (
			);
			dependencies = (
				6CF022D61D6C33E90090309F /* PBXTargetDependency */,
			);
			name = OneKnowLolTests;
			productName = OneKnowLolTests;
			productReference = 6CF022D41D6C33E90090309F /* OneKnowLolTests.xctest */;
			productType = "com.apple.product-type.bundle.unit-test";
		};
		6CF022DE1D6C33E90090309F /* OneKnowLolUITests */ = {
			isa = PBXNativeTarget;
			buildConfigurationList = 6CF022EE1D6C33E90090309F /* Build configuration list for PBXNativeTarget "OneKnowLolUITests" */;
			buildPhases = (
				6CF022DB1D6C33E90090309F /* Sources */,
				6CF022DC1D6C33E90090309F /* Frameworks */,
				6CF022DD1D6C33E90090309F /* Resources */,
			);
			buildRules = (
			);
			dependencies = (
				6CF022E11D6C33E90090309F /* PBXTargetDependency */,
			);
			name = OneKnowLolUITests;
			productName = OneKnowLolUITests;
			productReference = 6CF022DF1D6C33E90090309F /* OneKnowLolUITests.xctest */;
			productType = "com.apple.product-type.bundle.ui-testing";
		};
/* End PBXNativeTarget section */

/* Begin PBXProject section */
		6CF022B31D6C33E80090309F /* Project object */ = {
			isa = PBXProject;
			attributes = {
				LastUpgradeCheck = 0720;
				ORGANIZATIONNAME = Ardee;
				TargetAttributes = {
					6CF022BA1D6C33E80090309F = {
						CreatedOnToolsVersion = 7.2;
						DevelopmentTeam = L84JN7857E;
					};
					6CF022D31D6C33E90090309F = {
						CreatedOnToolsVersion = 7.2;
						TestTargetID = 6CF022BA1D6C33E80090309F;
					};
					6CF022DE1D6C33E90090309F = {
						CreatedOnToolsVersion = 7.2;
						TestTargetID = 6CF022BA1D6C33E80090309F;
					};
				};
			};
			buildConfigurationList = 6CF022B61D6C33E80090309F /* Build configuration list for PBXProject "OneKnowLol" */;
			compatibilityVersion = "Xcode 3.2";
			developmentRegion = English;
			hasScannedForEncodings = 0;
			knownRegions = (
				en,
				Base,
			);
			mainGroup = 6CF022B21D6C33E80090309F;
			productRefGroup = 6CF022BC1D6C33E80090309F /* Products */;
			projectDirPath = "";
			projectRoot = "";
			targets = (
				6CF022BA1D6C33E80090309F /* OneKnowLol */,
				6CF022D31D6C33E90090309F /* OneKnowLolTests */,
				6CF022DE1D6C33E90090309F /* OneKnowLolUITests */,
			);
		};
/* End PBXProject section */

/* Begin PBXResourcesBuildPhase section */
		6CF022B91D6C33E80090309F /* Resources */ = {
			isa = PBXResourcesBuildPhase;
			buildActionMask = 2147483647;
			files = (
				6C00046C1D80765200C880B6 /* 华文细黑.ttf in Resources */,
				6CF023121D6C4C760090309F /* tabKnow.png in Resources */,
				6C0271C21D82E4B9002CAFB7 /* showGif.gif in Resources */,
				6CF023151D6C4C760090309F /* tabLOLSe.png in Resources */,
				6C0C03551D6D5E62009EEBDF /* Icon.png in Resources */,
				6C0004681D80667B00C880B6 /* TableBackgound.png in Resources */,
				6CF022CE1D6C33E80090309F /* LaunchScreen.storyboard in Resources */,
				6CF023171D6C4C760090309F /* tabOneSe.png in Resources */,
				6C00046E1D809D9900C880B6 /* 华文隶书.TTF in Resources */,
				6CF023191D6CB3210090309F /* 启动图片方案1.png in Resources */,
				6C014F181D6D923400A14F7E /* Podfile in Resources */,
				6CF022CB1D6C33E80090309F /* Assets.xcassets in Resources */,
				6CF023141D6C4C760090309F /* tabLOL.png in Resources */,
				6C00046A1D806C5500C880B6 /* 楷体.ttf in Resources */,
				6C0004661D805BBA00C880B6 /* PlaceHolder.png in Resources */,
				6C0004701D809DB300C880B6 /* 方正华隶.ttf in Resources */,
				6CF023131D6C4C760090309F /* tabKnowSe.png in Resources */,
				6C0271C11D82E4B9002CAFB7 /* IMG_0007.jpg in Resources */,
				6CF023161D6C4C760090309F /* tabOne.png in Resources */,
				6CF022C91D6C33E80090309F /* Main.storyboard in Resources */,
			);
			runOnlyForDeploymentPostprocessing = 0;
		};
		6CF022D21D6C33E90090309F /* Resources */ = {
			isa = PBXResourcesBuildPhase;
			buildActionMask = 2147483647;
			files = (
			);
			runOnlyForDeploymentPostprocessing = 0;
		};
		6CF022DD1D6C33E90090309F /* Resources */ = {
			isa = PBXResourcesBuildPhase;
			buildActionMask = 2147483647;
			files = (
			);
			runOnlyForDeploymentPostprocessing = 0;
		};
/* End PBXResourcesBuildPhase section */

/* Begin PBXShellScriptBuildPhase section */
		1C935A5910FE3D71CFDF0501 /* Embed Pods Frameworks */ = {
			isa = PBXShellScriptBuildPhase;
			buildActionMask = 2147483647;
			files = (
			);
			inputPaths = (
			);
			name = "Embed Pods Frameworks";
			outputPaths = (
			);
			runOnlyForDeploymentPostprocessing = 0;
			shellPath = /bin/sh;
			shellScript = "\"${SRCROOT}/Pods/Target Support Files/Pods/Pods-frameworks.sh\"\n";
			showEnvVarsInLog = 0;
		};
		2BD9AC18AE200312021D7F27 /* Copy Pods Resources */ = {
			isa = PBXShellScriptBuildPhase;
			buildActionMask = 2147483647;
			files = (
			);
			inputPaths = (
			);
			name = "Copy Pods Resources";
			outputPaths = (
			);
			runOnlyForDeploymentPostprocessing = 0;
			shellPath = /bin/sh;
			shellScript = "\"${SRCROOT}/Pods/Target Support Files/Pods/Pods-resources.sh\"\n";
			showEnvVarsInLog = 0;
		};
		7F8FD3B1C6569CB78D32CCF8 /* Check Pods Manifest.lock */ = {
			isa = PBXShellScriptBuildPhase;
			buildActionMask = 2147483647;
			files = (
			);
			inputPaths = (
			);
			name = "Check Pods Manifest.lock";
			outputPaths = (
			);
			runOnlyForDeploymentPostprocessing = 0;
			shellPath = /bin/sh;
			shellScript = "diff \"${PODS_ROOT}/../Podfile.lock\" \"${PODS_ROOT}/Manifest.lock\" > /dev/null\nif [[ $? != 0 ]] ; then\n    cat << EOM\nerror: The sandbox is not in sync with the Podfile.lock. Run 'pod install' or update your CocoaPods installation.\nEOM\n    exit 1\nfi\n";
			showEnvVarsInLog = 0;
		};
/* End PBXShellScriptBuildPhase section */

/* Begin PBXSourcesBuildPhase section */
		6CF022B71D6C33E80090309F /* Sources */ = {
			isa = PBXSourcesBuildPhase;
			buildActionMask = 2147483647;
			files = (
				6CF023001D6C43620090309F /* TabViewController.m in Sources */,
				6CF023031D6C43FB0090309F /* OneViewController.m in Sources */,
				6CF8C6DF1D84444C00CFD7B1 /* KnowBody.m in Sources */,
				6C119B5C1D85922800E912BB /* DCWebImageManager.m in Sources */,
				6CF8C6E21D8448D500CFD7B1 /* KnowBannerBody.m in Sources */,
				6CF022C61D6C33E80090309F /* ViewController.m in Sources */,
				6CFCA93E1D81913900ED2645 /* SJAvatarBrowser.m in Sources */,
				6CF022C31D6C33E80090309F /* AppDelegate.m in Sources */,
				6CF023091D6C44280090309F /* LOLViewController.m in Sources */,
				6CFA04081D7ACA32007EB923 /* OneViewEngine.m in Sources */,
				6C0271BC1D82E49E002CAFB7 /* BGHeaderRefreshView.m in Sources */,
				6CF8C6D91D83FFF600CFD7B1 /* KnowEngine.m in Sources */,
				6CF8C6D31D83F9A700CFD7B1 /* TFHppleElement.m in Sources */,
				6CFA040C1D7AE94D007EB923 /* OneViewBody.m in Sources */,
				6CF022C01D6C33E80090309F /* main.m in Sources */,
				6CF8C6D21D83F9A700CFD7B1 /* TFHpple.m in Sources */,
				6C0271BD1D82E49E002CAFB7 /* BGRefresh.m in Sources */,
				6C0670AA1D7DC0E900992F36 /* OneTableViewCell.m in Sources */,
				6C119B5B1D85922800E912BB /* DCPicScrollView.m in Sources */,
				6C0271BB1D82E49E002CAFB7 /* BGFooterRefreshView.m in Sources */,
				6CF023061D6C44140090309F /* KnowViewController.m in Sources */,
				6CF8C6D41D83F9A700CFD7B1 /* XPathQuery.m in Sources */,
				6CF8C6DC1D84352200CFD7B1 /* KnowTableViewCell.m in Sources */,
			);
			runOnlyForDeploymentPostprocessing = 0;
		};
		6CF022D01D6C33E90090309F /* Sources */ = {
			isa = PBXSourcesBuildPhase;
			buildActionMask = 2147483647;
			files = (
				6CF022D91D6C33E90090309F /* OneKnowLolTests.m in Sources */,
			);
			runOnlyForDeploymentPostprocessing = 0;
		};
		6CF022DB1D6C33E90090309F /* Sources */ = {
			isa = PBXSourcesBuildPhase;
			buildActionMask = 2147483647;
			files = (
				6CF022E41D6C33E90090309F /* OneKnowLolUITests.m in Sources */,
			);
			runOnlyForDeploymentPostprocessing = 0;
		};
/* End PBXSourcesBuildPhase section */

/* Begin PBXTargetDependency section */
		6CF022D61D6C33E90090309F /* PBXTargetDependency */ = {
			isa = PBXTargetDependency;
			target = 6CF022BA1D6C33E80090309F /* OneKnowLol */;
			targetProxy = 6CF022D51D6C33E90090309F /* PBXContainerItemProxy */;
		};
		6CF022E11D6C33E90090309F /* PBXTargetDependency */ = {
			isa = PBXTargetDependency;
			target = 6CF022BA1D6C33E80090309F /* OneKnowLol */;
			targetProxy = 6CF022E01D6C33E90090309F /* PBXContainerItemProxy */;
		};
/* End PBXTargetDependency section */

/* Begin PBXVariantGroup section */
		6CF022C71D6C33E80090309F /* Main.storyboard */ = {
			isa = PBXVariantGroup;
			children = (
				6CF022C81D6C33E80090309F /* Base */,
			);
			name = Main.storyboard;
			sourceTree = "<group>";
		};
		6CF022CC1D6C33E80090309F /* LaunchScreen.storyboard */ = {
			isa = PBXVariantGroup;
			children = (
				6CF022CD1D6C33E80090309F /* Base */,
			);
			name = LaunchScreen.storyboard;
			sourceTree = "<group>";
		};
/* End PBXVariantGroup section */

/* Begin XCBuildConfiguration section */
		6CF022E61D6C33E90090309F /* Debug */ = {
			isa = XCBuildConfiguration;
			buildSettings = {
				ALWAYS_SEARCH_USER_PATHS = NO;
				CLANG_CXX_LANGUAGE_STANDARD = "gnu++0x";
				CLANG_CXX_LIBRARY = "libc++";
				CLANG_ENABLE_MODULES = YES;
				CLANG_ENABLE_OBJC_ARC = YES;
				CLANG_WARN_BOOL_CONVERSION = YES;
				CLANG_WARN_CONSTANT_CONVERSION = YES;
				CLANG_WARN_DIRECT_OBJC_ISA_USAGE = YES_ERROR;
				CLANG_WARN_EMPTY_BODY = YES;
				CLANG_WARN_ENUM_CONVERSION = YES;
				CLANG_WARN_INT_CONVERSION = YES;
				CLANG_WARN_OBJC_ROOT_CLASS = YES_ERROR;
				CLANG_WARN_UNREACHABLE_CODE = YES;
				CLANG_WARN__DUPLICATE_METHOD_MATCH = YES;
				"CODE_SIGN_IDENTITY[sdk=iphoneos*]" = "iPhone Developer";
				COPY_PHASE_STRIP = NO;
				DEBUG_INFORMATION_FORMAT = dwarf;
				ENABLE_STRICT_OBJC_MSGSEND = YES;
				ENABLE_TESTABILITY = YES;
				GCC_C_LANGUAGE_STANDARD = gnu99;
				GCC_DYNAMIC_NO_PIC = NO;
				GCC_NO_COMMON_BLOCKS = YES;
				GCC_OPTIMIZATION_LEVEL = 0;
				GCC_PREPROCESSOR_DEFINITIONS = (
					"DEBUG=1",
					"$(inherited)",
				);
				GCC_WARN_64_TO_32_BIT_CONVERSION = YES;
				GCC_WARN_ABOUT_RETURN_TYPE = YES_ERROR;
				GCC_WARN_UNDECLARED_SELECTOR = YES;
				GCC_WARN_UNINITIALIZED_AUTOS = YES_AGGRESSIVE;
				GCC_WARN_UNUSED_FUNCTION = YES;
				GCC_WARN_UNUSED_VARIABLE = YES;
				HEADER_SEARCH_PATHS = /usr/include/libxml2;
				IPHONEOS_DEPLOYMENT_TARGET = 9.2;
				MTL_ENABLE_DEBUG_INFO = YES;
				ONLY_ACTIVE_ARCH = YES;
				SDKROOT = iphoneos;
			};
			name = Debug;
		};
		6CF022E71D6C33E90090309F /* Release */ = {
			isa = XCBuildConfiguration;
			buildSettings = {
				ALWAYS_SEARCH_USER_PATHS = NO;
				CLANG_CXX_LANGUAGE_STANDARD = "gnu++0x";
				CLANG_CXX_LIBRARY = "libc++";
				CLANG_ENABLE_MODULES = YES;
				CLANG_ENABLE_OBJC_ARC = YES;
				CLANG_WARN_BOOL_CONVERSION = YES;
				CLANG_WARN_CONSTANT_CONVERSION = YES;
				CLANG_WARN_DIRECT_OBJC_ISA_USAGE = YES_ERROR;
				CLANG_WARN_EMPTY_BODY = YES;
				CLANG_WARN_ENUM_CONVERSION = YES;
				CLANG_WARN_INT_CONVERSION = YES;
				CLANG_WARN_OBJC_ROOT_CLASS = YES_ERROR;
				CLANG_WARN_UNREACHABLE_CODE = YES;
				CLANG_WARN__DUPLICATE_METHOD_MATCH = YES;
				"CODE_SIGN_IDENTITY[sdk=iphoneos*]" = "iPhone Developer";
				COPY_PHASE_STRIP = NO;
				DEBUG_INFORMATION_FORMAT = "dwarf-with-dsym";
				ENABLE_NS_ASSERTIONS = NO;
				ENABLE_STRICT_OBJC_MSGSEND = YES;
				GCC_C_LANGUAGE_STANDARD = gnu99;
				GCC_NO_COMMON_BLOCKS = YES;
				GCC_WARN_64_TO_32_BIT_CONVERSION = YES;
				GCC_WARN_ABOUT_RETURN_TYPE = YES_ERROR;
				GCC_WARN_UNDECLARED_SELECTOR = YES;
				GCC_WARN_UNINITIALIZED_AUTOS = YES_AGGRESSIVE;
				GCC_WARN_UNUSED_FUNCTION = YES;
				GCC_WARN_UNUSED_VARIABLE = YES;
				HEADER_SEARCH_PATHS = /usr/include/libxml2;
				IPHONEOS_DEPLOYMENT_TARGET = 9.2;
				MTL_ENABLE_DEBUG_INFO = NO;
				SDKROOT = iphoneos;
				VALIDATE_PRODUCT = YES;
			};
			name = Release;
		};
		6CF022E91D6C33E90090309F /* Debug */ = {
			isa = XCBuildConfiguration;
			baseConfigurationReference = E4483E5CCB03B32DB00A9108 /* Pods.debug.xcconfig */;
			buildSettings = {
				ASSETCATALOG_COMPILER_APPICON_NAME = AppIcon;
				CODE_SIGN_IDENTITY = "iPhone Developer";
				"CODE_SIGN_IDENTITY[sdk=iphoneos*]" = "iPhone Developer";
				INFOPLIST_FILE = OneKnowLol/Info.plist;
				LD_RUNPATH_SEARCH_PATHS = "$(inherited) @executable_path/Frameworks";
				PRODUCT_BUNDLE_IDENTIFIER = com.9c324.Train.OneKnowLol;
				PRODUCT_NAME = "$(TARGET_NAME)";
				PROVISIONING_PROFILE = "";
			};
			name = Debug;
		};
		6CF022EA1D6C33E90090309F /* Release */ = {
			isa = XCBuildConfiguration;
			baseConfigurationReference = CAC1E36FBECDC14F56029CD2 /* Pods.release.xcconfig */;
			buildSettings = {
				ASSETCATALOG_COMPILER_APPICON_NAME = AppIcon;
				CODE_SIGN_IDENTITY = "iPhone Developer";
				"CODE_SIGN_IDENTITY[sdk=iphoneos*]" = "iPhone Developer";
				INFOPLIST_FILE = OneKnowLol/Info.plist;
				LD_RUNPATH_SEARCH_PATHS = "$(inherited) @executable_path/Frameworks";
				PRODUCT_BUNDLE_IDENTIFIER = com.9c324.Train.OneKnowLol;
				PRODUCT_NAME = "$(TARGET_NAME)";
				PROVISIONING_PROFILE = "";
			};
			name = Release;
		};
		6CF022EC1D6C33E90090309F /* Debug */ = {
			isa = XCBuildConfiguration;
			buildSettings = {
				BUNDLE_LOADER = "$(TEST_HOST)";
				INFOPLIST_FILE = OneKnowLolTests/Info.plist;
				LD_RUNPATH_SEARCH_PATHS = "$(inherited) @executable_path/Frameworks @loader_path/Frameworks";
				PRODUCT_BUNDLE_IDENTIFIER = com.9c324.Train.OneKnowLolTests;
				PRODUCT_NAME = "$(TARGET_NAME)";
				TEST_HOST = "$(BUILT_PRODUCTS_DIR)/OneKnowLol.app/OneKnowLol";
			};
			name = Debug;
		};
		6CF022ED1D6C33E90090309F /* Release */ = {
			isa = XCBuildConfiguration;
			buildSettings = {
				BUNDLE_LOADER = "$(TEST_HOST)";
				INFOPLIST_FILE = OneKnowLolTests/Info.plist;
				LD_RUNPATH_SEARCH_PATHS = "$(inherited) @executable_path/Frameworks @loader_path/Frameworks";
				PRODUCT_BUNDLE_IDENTIFIER = com.9c324.Train.OneKnowLolTests;
				PRODUCT_NAME = "$(TARGET_NAME)";
				TEST_HOST = "$(BUILT_PRODUCTS_DIR)/OneKnowLol.app/OneKnowLol";
			};
			name = Release;
		};
		6CF022EF1D6C33E90090309F /* Debug */ = {
			isa = XCBuildConfiguration;
			buildSettings = {
				INFOPLIST_FILE = OneKnowLolUITests/Info.plist;
				LD_RUNPATH_SEARCH_PATHS = "$(inherited) @executable_path/Frameworks @loader_path/Frameworks";
				PRODUCT_BUNDLE_IDENTIFIER = com.9c324.Train.OneKnowLolUITests;
				PRODUCT_NAME = "$(TARGET_NAME)";
				TEST_TARGET_NAME = OneKnowLol;
				USES_XCTRUNNER = YES;
			};
			name = Debug;
		};
		6CF022F01D6C33E90090309F /* Release */ = {
			isa = XCBuildConfiguration;
			buildSettings = {
				INFOPLIST_FILE = OneKnowLolUITests/Info.plist;
				LD_RUNPATH_SEARCH_PATHS = "$(inherited) @executable_path/Frameworks @loader_path/Frameworks";
				PRODUCT_BUNDLE_IDENTIFIER = com.9c324.Train.OneKnowLolUITests;
				PRODUCT_NAME = "$(TARGET_NAME)";
				TEST_TARGET_NAME = OneKnowLol;
				USES_XCTRUNNER = YES;
			};
			name = Release;
		};
/* End XCBuildConfiguration section */

/* Begin XCConfigurationList section */
		6CF022B61D6C33E80090309F /* Build configuration list for PBXProject "OneKnowLol" */ = {
			isa = XCConfigurationList;
			buildConfigurations = (
				6CF022E61D6C33E90090309F /* Debug */,
				6CF022E71D6C33E90090309F /* Release */,
			);
			defaultConfigurationIsVisible = 0;
			defaultConfigurationName = Release;
		};
		6CF022E81D6C33E90090309F /* Build configuration list for PBXNativeTarget "OneKnowLol" */ = {
			isa = XCConfigurationList;
			buildConfigurations = (
				6CF022E91D6C33E90090309F /* Debug */,
				6CF022EA1D6C33E90090309F /* Release */,
			);
			defaultConfigurationIsVisible = 0;
			defaultConfigurationName = Release;
		};
		6CF022EB1D6C33E90090309F /* Build configuration list for PBXNativeTarget "OneKnowLolTests" */ = {
			isa = XCConfigurationList;
			buildConfigurations = (
				6CF022EC1D6C33E90090309F /* Debug */,
				6CF022ED1D6C33E90090309F /* Release */,
			);
			defaultConfigurationIsVisible = 0;
			defaultConfigurationName = Release;
		};
		6CF022EE1D6C33E90090309F /* Build configuration list for PBXNativeTarget "OneKnowLolUITests" */ = {
			isa = XCConfigurationList;
			buildConfigurations = (
				6CF022EF1D6C33E90090309F /* Debug */,
				6CF022F01D6C33E90090309F /* Release */,
			);
			defaultConfigurationIsVisible = 0;
			defaultConfigurationName = Release;
		};
/* End XCConfigurationList section */
	};
	rootObject = 6CF022B31D6C33E80090309F /* Project object */;
}
